# THIS IS AN AUTOGENERATED FILE. DO NOT EDIT THIS FILE DIRECTLY.
# yarn lockfile v1


turbo-darwin-64@1.2.14:
  version "1.2.14"
  resolved "https://registry.yarnpkg.com/turbo-darwin-64/-/turbo-darwin-64-1.2.14.tgz#902ce6ec4953b353afa6d5b39853837bf3571a80"
  integrity sha512-Fdx212fvhcbF/KKnSoenTtNLZ5Wzl+DDBmwHoHXmG2DX/1qFk4HD1/D6waCySZU1Hu1bQToIimEyrWgwAkCVbQ==

turbo-darwin-arm64@1.2.14:
  version "1.2.14"
  resolved "https://registry.yarnpkg.com/turbo-darwin-arm64/-/turbo-darwin-arm64-1.2.14.tgz#66ba462f432efd8ae25ca9e7d42f7a327254304f"
  integrity sha512-B9LRgZKW1D8EwMLNhW6n8pADiZZ+M7Qgb/Pv9DAJM+/MW5ozRn/PBA4Y+teyx2dGuaMOzvX9QzRhT1jn5U71TA==

turbo-freebsd-64@1.2.14:
  version "1.2.14"
  resolved "https://registry.yarnpkg.com/turbo-freebsd-64/-/turbo-freebsd-64-1.2.14.tgz#81bbf2829caef9ec8335cc68534649ad1fc75ad1"
  integrity sha512-kmDgDZXS3vdDremUPPkaY4bAtEyqqUnhcH3tVGsHZJ6OF1eCoy+oiXWa9Aw7Wm2B0Ph5TyMooOjChgE44q4cMA==

turbo-freebsd-arm64@1.2.14:
  version "1.2.14"
  resolved "https://registry.yarnpkg.com/turbo-freebsd-arm64/-/turbo-freebsd-arm64-1.2.14.tgz#5b4d24e428ba69b45ec46ea04757b7f021857331"
  integrity sha512-ZDbxkIXkBQJGJOrwihmfbza+jnfObMspbThEL0bp/MtMJS8QO4NELyjHDM0LgTfecduXtS1rJMSe7pZjiEK/Vg==

turbo-linux-32@1.2.14:
  version "1.2.14"
  resolved "https://registry.yarnpkg.com/turbo-linux-32/-/turbo-linux-32-1.2.14.tgz#18540309ed25fb5eec1b125e4310e14fd82b918c"
  integrity sha512-fBGbevGtvbGV5bK+w6O8vve5C07TbdfIk5j59odTZo782F4Xs7fgY57mRQtNOq71YUW9Hs7FGrLUI1iRsVODAA==

turbo-linux-64@1.2.14:
  version "1.2.14"
  resolved "https://registry.yarnpkg.com/turbo-linux-64/-/turbo-linux-64-1.2.14.tgz#d39a688b7ea4bde59a2de7c6670c3859a0438603"
  integrity sha512-im46sHYjZ/yl4JSmjF8HbgHpvClVHtFMvIkRVnJGuJK+e74L5YVX7ML/o1PdBj4NtQNNxyPRWfit7zfM/yLjtQ==

turbo-linux-arm64@1.2.14:
  version "1.2.14"
  resolved "https://registry.yarnpkg.com/turbo-linux-arm64/-/turbo-linux-arm64-1.2.14.tgz#4d15d005195f7031f08215db4b153b2a6c732b02"
  integrity sha512-qyusEtylnt5cF2+jIOMIN4iCzMG/tur2y3++YeKRCdGaboPUbsfCcTXbhM29VxxNWw5JVxh7FC0+ZUsEFRYDNg==

turbo-linux-arm@1.2.14:
  version "1.2.14"
  resolved "https://registry.yarnpkg.com/turbo-linux-arm/-/turbo-linux-arm-1.2.14.tgz#bd51284cf76eb29e3ffb823a26982e27b3770a81"
  integrity sha512-d8v53TxIQpq6w3RFxcOyHrQzLcvgyA3VC9oxZ2phZtlcTvjjZulYmuToUAHdRW24cA2DGZkwA2wSF//zJoBcdQ==

turbo-linux-mips64le@1.2.14:
  version "1.2.14"
  resolved "https://registry.yarnpkg.com/turbo-linux-mips64le/-/turbo-linux-mips64le-1.2.14.tgz#f9ddee114c114720b5e04be7e88daa59956ed744"
  integrity sha512-zKPi9ArRDu4BKB8YmcQ6i89Hhzd5xk4W+m7YuZKBmeEVCFBDUUAyWnKsvmBoYuGTpdQqMSH14BdYMTr5s2thjw==

turbo-linux-ppc64le@1.2.14:
  version "1.2.14"
  resolved "https://registry.yarnpkg.com/turbo-linux-ppc64le/-/turbo-linux-ppc64le-1.2.14.tgz#5f93d58668ca2fec5287ef316930e3a69a926852"
  integrity sha512-gW43yKJjSHZjZdjI/MihrnIEACnwhB+okJJjYYFKuEteJF+TCWHvY3rfL9MFI7vH2zwFUgoncIOuGvaeZo3K0A==

turbo-windows-32@1.2.14:
  version "1.2.14"
  resolved "https://registry.yarnpkg.com/turbo-windows-32/-/turbo-windows-32-1.2.14.tgz#f28fb6388aff99aea8eed3f7e080863a0da0a5c0"
  integrity sha512-BMqpSaHx5mgvMdXotMoVinU3dSGBoRdZZkwOAs8R0WPUCwZVMPo6fTuKIhcOlKFOt6swQGFD02IzCWD+SGfEuA==

turbo-windows-64@1.2.14:
  version "1.2.14"
  resolved "https://registry.yarnpkg.com/turbo-windows-64/-/turbo-windows-64-1.2.14.tgz#0f97778d66db031f9a2fd62f7a420ca2349e2a12"
  integrity sha512-SA9YNAyZ2wYBccPtWbQckpSZOAuhH71893UZsstRWUEUj/cZ+PFpwNGTrHTGoySbwQPbOVHQNXEO7QX405Ajow==

turbo-windows-arm64@1.2.14:
  version "1.2.14"
  resolved "https://registry.yarnpkg.com/turbo-windows-arm64/-/turbo-windows-arm64-1.2.14.tgz#fd2ab6557b398a9f303101c14d2925fb5809622d"
  integrity sha512-VNxbJ2LlRWzkiRE15nwW4oA/wBMFf1h8fuPCHHXtB6ThjfeG8SN5QgPUrhTIP4p7WiEdN/Sq7UJzFrGA4I8jqg==

turbo@^1.2.14:
  version "1.2.14"
  resolved "https://registry.yarnpkg.com/turbo/-/turbo-1.2.14.tgz#b29d7d1241d6743fcc76f200a6ff1ccfca26c70f"
  integrity sha512-una2aE2agjTT2SgC3kCmUrYIPy5uh5NLPQrRCKKBIgvII90vyajvFhcq+yJUYdh5f+2o0xb/9YXaj+FAITds0A==
  optionalDependencies:
    turbo-darwin-64 "1.2.14"
    turbo-darwin-arm64 "1.2.14"
    turbo-freebsd-64 "1.2.14"
    turbo-freebsd-arm64 "1.2.14"
    turbo-linux-32 "1.2.14"
    turbo-linux-64 "1.2.14"
    turbo-linux-arm "1.2.14"
    turbo-linux-arm64 "1.2.14"
    turbo-linux-mips64le "1.2.14"
    turbo-linux-ppc64le "1.2.14"
    turbo-windows-32 "1.2.14"
    turbo-windows-64 "1.2.14"
    turbo-windows-arm64 "1.2.14"
